
Microsoft Visual Studio Solution File, Format Version 12.00
# Visual Studio Version 16
VisualStudioVersion = 16.0.31129.286
MinimumVisualStudioVersion = 10.0.40219.1
Project("{FAE04EC0-301F-11D3-BF4B-00C04F79EFBC}") = "Bowling", "Bowling.csproj", "{2A618CC9-6133-4D9F-A574-CF1EF2105EC0}"
EndProject
Project("{FAE04EC0-301F-11D3-BF4B-00C04F79EFBC}") = "BowlingTests", "..\BowlingTests\BowlingTests.csproj", "{5111127A-4847-429B-9B6B-AE4B4354C01D}"
EndProject
Global
	GlobalSection(SolutionConfigurationPlatforms) = preSolution
		Debug|Any CPU = Debug|Any CPU
		Release|Any CPU = Release|Any CPU
	EndGlobalSection
	GlobalSection(ProjectConfigurationPlatforms) = postSolution
		{2A618CC9-6133-4D9F-A574-CF1EF2105EC0}.Debug|Any CPU.ActiveCfg = Debug|Any CPU
		{2A618CC9-6133-4D9F-A574-CF1EF2105EC0}.Debug|Any CPU.Build.0 = Debug|Any CPU
		{2A618CC9-6133-4D9F-A574-CF1EF2105EC0}.Release|Any CPU.ActiveCfg = Release|Any CPU
		{2A618CC9-6133-4D9F-A574-CF1EF2105EC0}.Release|Any CPU.Build.0 = Release|Any CPU
		{5111127A-4847-429B-9B6B-AE4B4354C01D}.Debug|Any CPU.ActiveCfg = Debug|Any CPU
		{5111127A-4847-429B-9B6B-AE4B4354C01D}.Debug|Any CPU.Build.0 = Debug|Any CPU
		{5111127A-4847-429B-9B6B-AE4B4354C01D}.Release|Any CPU.ActiveCfg = Release|Any CPU
		{5111127A-4847-429B-9B6B-AE4B4354C01D}.Release|Any CPU.Build.0 = Release|Any CPU
	EndGlobalSection
	GlobalSection(SolutionProperties) = preSolution
		HideSolutionNode = FALSE
	EndGlobalSection
	GlobalSection(ExtensibilityGlobals) = postSolution
		SolutionGuid = {85EAFCBF-5928-4B5D-AF09-5BE322B640AC}
	EndGlobalSection
EndGlobal
